<Solution>
  <Folder Name="/BuildingBlocks/">
    <Project Path="BuildingBlocks/Articles.Abstractions/Articles.Abstractions.csproj" />
    <Project Path="BuildingBlocks/Articles.Security/Articles.Security.csproj" />
    <Project Path="BuildingBlocks/Articles.GrpcContracts/Articles.GrpcContracts.csproj" />
    <Project Path="BuildingBlocks/Blocks.AspNetCore/Blocks.AspNetCore.csproj" />
    <Project Path="BuildingBlocks/Blocks.Core/Blocks.Core.csproj" />
    <Project Path="BuildingBlocks/Blocks.Domain/Blocks.Domain.csproj" />
    <Project Path="BuildingBlocks/Blocks.EntityFramework/Blocks.EntityFrameworkCore.csproj" />
    <Project Path="BuildingBlocks/Blocks.Exceptions/Blocks.Exceptions.csproj" />
    <Project Path="BuildingBlocks/Blocks.MediatR/Blocks.MediatR.csproj" />
    <Project Path="BuildingBlocks/Blocks.Messaging/Blocks.Messaging.csproj" />
    <Project Path="BuildingBlocks/Blocks.Redis/Blocks.Redis.csproj" />
  </Folder>
  <Folder Name="/Modules/" />
  <Folder Name="/Modules/EmailService/">
    <Project Path="Modules/EmailService/EmailService.Contracts/EmailService.Contracts.csproj" />
    <Project Path="Modules/EmailService/EmailService.Smtp/EmailService.Smtp.csproj" />
  </Folder>
  <Folder Name="/Modules/FileStorage/">
    <Project Path="Modules/FileStorage/FileStorage.Contracts/FileStorage.Contracts.csproj" />
    <Project Path="Modules/FileStorage/FileStorage.MongoGridFS/FileStorage.MongoGridFS.csproj" />
  </Folder>
  <Folder Name="/Services/" />
  <Folder Name="/Services/ArticleHub/">
    <Project Path="Services/ArticleHub/ArticleHub.API/ArticleHub.API.csproj" />
    <Project Path="Services/ArticleHub/ArticleHub.Domain/ArticleHub.Domain.csproj" />
    <Project Path="Services/ArticleHub/ArticleHub.Persistence/ArticleHub.Persistence.csproj" />
  </Folder>
  <Folder Name="/Services/Auth/">
    <Project Path="Services/Auth/Auth.API/Auth.API.csproj" />
    <Project Path="Services/Auth/Auth.Application/Auth.Application.csproj" />
    <Project Path="Services/Auth/Auth.Domain/Auth.Domain.csproj" />
    <Project Path="Services/Auth/Auth.Persistence/Auth.Persistence.csproj" />
  </Folder>
  <Folder Name="/Services/Journals/">
    <Project Path="Services/Journals/Journals.Api/Journals.Api.csproj" />
    <Project Path="Services/Journals/Journals.Domain/Journals.Domain.csproj" />
    <Project Path="Services/Journals/Journals.Persistence/Journals.Persistence.csproj" />
  </Folder>
  <Folder Name="/Services/Review/">
    <Project Path="Services/Review/Review.API/Review.API.csproj" />
    <Project Path="Services/Review/Review.Application/Review.Application.csproj" />
    <Project Path="Services/Review/Review.Domain/Review.Domain.csproj" />
    <Project Path="Services/Review/Review.Persistence/Review.Persistence.csproj" />
  </Folder>
  <Folder Name="/Services/Submission/">
    <Project Path="Services/Submission/Submission.API/Submission.API.csproj" />
    <Project Path="Services/Submission/Submission.Application/Submission.Application.csproj" />
    <Project Path="Services/Submission/Submission.Domain/Submission.Domain.csproj" />
    <Project Path="Services/Submission/Submission.Persistence/Submission.Persistence.csproj" />
  </Folder>
</Solution>
